PODS:
  - OneSignalXCFramework (3.12.3):
    - OneSignalXCFramework/OneSignalCore (= 3.12.3)
    - OneSignalXCFramework/OneSignalExtension (= 3.12.3)
    - OneSignalXCFramework/OneSignalOutcomes (= 3.12.3)
  - OneSignalXCFramework/OneSignalCore (3.12.3)
  - OneSignalXCFramework/OneSignalExtension (3.12.3):
    - OneSignalXCFramework/OneSignalCore
    - OneSignalXCFramework/OneSignalOutcomes
  - OneSignalXCFramework/OneSignalOutcomes (3.12.3):
    - OneSignalXCFramework/OneSignalCore

DEPENDENCIES:
  - OneSignalXCFramework (= 3.12.3)

SPEC REPOS:
  trunk:
    - OneSignalXCFramework

SPEC CHECKSUMS:
  OneSignalXCFramework: 75844c29607ca95e6176f6f21257b4382c7fdbfb

PODFILE CHECKSUM: 50b20b4cff33d0b51d63887f09c08c5caf511e4a

COCOAPODS: 1.14.3
